// !$*UTF8*$!
{
	archiveVersion = 1;
	classes = {
	};
	objectVersion = 46;
	objects = {

/* Begin PBXBuildFile section */
		2B84D0AF1BE4271E0012CD1E /* main.m in Sources */ = {isa = PBXBuildFile; fileRef = 2B84D0AE1BE4271E0012CD1E /* main.m */; };
		2B84D0B21BE4271E0012CD1E /* AppDelegate.m in Sources */ = {isa = PBXBuildFile; fileRef = 2B84D0B11BE4271E0012CD1E /* AppDelegate.m */; };
		2B84D0B51BE4271F0012CD1E /* ViewController.m in Sources */ = {isa = PBXBuildFile; fileRef = 2B84D0B41BE4271F0012CD1E /* ViewController.m */; };
		2B84D0B81BE4271F0012CD1E /* Main.storyboard in Resources */ = {isa = PBXBuildFile; fileRef = 2B84D0B61BE4271F0012CD1E /* Main.storyboard */; };
		2B84D0BA1BE4271F0012CD1E /* Assets.xcassets in Resources */ = {isa = PBXBuildFile; fileRef = 2B84D0B91BE4271F0012CD1E /* Assets.xcassets */; };
		2B84D0BD1BE4271F0012CD1E /* LaunchScreen.storyboard in Resources */ = {isa = PBXBuildFile; fileRef = 2B84D0BB1BE4271F0012CD1E /* LaunchScreen.storyboard */; };
		2B84D0C81BE4271F0012CD1E /* FingerPaintTests.m in Sources */ = {isa = PBXBuildFile; fileRef = 2B84D0C71BE4271F0012CD1E /* FingerPaintTests.m */; };
		2B84D0D31BE4271F0012CD1E /* FingerPaintUITests.m in Sources */ = {isa = PBXBuildFile; fileRef = 2B84D0D21BE4271F0012CD1E /* FingerPaintUITests.m */; };
		2B84D0E31BE42F020012CD1E /* appIcon.png in Resources */ = {isa = PBXBuildFile; fileRef = 2B84D0E21BE42F020012CD1E /* appIcon.png */; };
		2B84D0E91BE4334F0012CD1E /* FreeHand.m in Sources */ = {isa = PBXBuildFile; fileRef = 2B84D0E81BE4334F0012CD1E /* FreeHand.m */; };
/* End PBXBuildFile section */

/* Begin PBXContainerItemProxy section */
		2B84D0C41BE4271F0012CD1E /* PBXContainerItemProxy */ = {
			isa = PBXContainerItemProxy;
			containerPortal = 2B84D0A21BE4271E0012CD1E /* Project object */;
			proxyType = 1;
			remoteGlobalIDString = 2B84D0A91BE4271E0012CD1E;
			remoteInfo = FingerPaint;
		};
		2B84D0CF1BE4271F0012CD1E /* PBXContainerItemProxy */ = {
			isa = PBXContainerItemProxy;
			containerPortal = 2B84D0A21BE4271E0012CD1E /* Project object */;
			proxyType = 1;
			remoteGlobalIDString = 2B84D0A91BE4271E0012CD1E;
			remoteInfo = FingerPaint;
		};
/* End PBXContainerItemProxy section */

/* Begin PBXFileReference section */
		2B84D0AA1BE4271E0012CD1E /* FingerPaint.app */ = {isa = PBXFileReference; explicitFileType = wrapper.application; includeInIndex = 0; path = FingerPaint.app; sourceTree = BUILT_PRODUCTS_DIR; };
		2B84D0AE1BE4271E0012CD1E /* main.m */ = {isa = PBXFileReference; lastKnownFileType = sourcecode.c.objc; path = main.m; sourceTree = "<group>"; };
		2B84D0B01BE4271E0012CD1E /* AppDelegate.h */ = {isa = PBXFileReference; lastKnownFileType = sourcecode.c.h; path = AppDelegate.h; sourceTree = "<group>"; };
		2B84D0B11BE4271E0012CD1E /* AppDelegate.m */ = {isa = PBXFileReference; lastKnownFileType = sourcecode.c.objc; path = AppDelegate.m; sourceTree = "<group>"; };
		2B84D0B31BE4271E0012CD1E /* ViewController.h */ = {isa = PBXFileReference; lastKnownFileType = sourcecode.c.h; path = ViewController.h; sourceTree = "<group>"; };
		2B84D0B41BE4271F0012CD1E /* ViewController.m */ = {isa = PBXFileReference; lastKnownFileType = sourcecode.c.objc; path = ViewController.m; sourceTree = "<group>"; };
		2B84D0B71BE4271F0012CD1E /* Base */ = {isa = PBXFileReference; lastKnownFileType = file.storyboard; name = Base; path = Base.lproj/Main.storyboard; sourceTree = "<group>"; };
		2B84D0B91BE4271F0012CD1E /* Assets.xcassets */ = {isa = PBXFileReference; lastKnownFileType = folder.assetcatalog; path = Assets.xcassets; sourceTree = "<group>"; };
		2B84D0BC1BE4271F0012CD1E /* Base */ = {isa = PBXFileReference; lastKnownFileType = file.storyboard; name = Base; path = Base.lproj/LaunchScreen.storyboard; sourceTree = "<group>"; };
		2B84D0BE1BE4271F0012CD1E /* Info.plist */ = {isa = PBXFileReference; lastKnownFileType = text.plist.xml; path = Info.plist; sourceTree = "<group>"; };
		2B84D0C31BE4271F0012CD1E /* FingerPaintTests.xctest */ = {isa = PBXFileReference; explicitFileType = wrapper.cfbundle; includeInIndex = 0; path = FingerPaintTests.xctest; sourceTree = BUILT_PRODUCTS_DIR; };
		2B84D0C71BE4271F0012CD1E /* FingerPaintTests.m */ = {isa = PBXFileReference; lastKnownFileType = sourcecode.c.objc; path = FingerPaintTests.m; sourceTree = "<group>"; };
		2B84D0C91BE4271F0012CD1E /* Info.plist */ = {isa = PBXFileReference; lastKnownFileType = text.plist.xml; path = Info.plist; sourceTree = "<group>"; };
		2B84D0CE1BE4271F0012CD1E /* FingerPaintUITests.xctest */ = {isa = PBXFileReference; explicitFileType = wrapper.cfbundle; includeInIndex = 0; path = FingerPaintUITests.xctest; sourceTree = BUILT_PRODUCTS_DIR; };
		2B84D0D21BE4271F0012CD1E /* FingerPaintUITests.m */ = {isa = PBXFileReference; lastKnownFileType = sourcecode.c.objc; path = FingerPaintUITests.m; sourceTree = "<group>"; };
		2B84D0D41BE4271F0012CD1E /* Info.plist */ = {isa = PBXFileReference; lastKnownFileType = text.plist.xml; path = Info.plist; sourceTree = "<group>"; };
		2B84D0E21BE42F020012CD1E /* appIcon.png */ = {isa = PBXFileReference; lastKnownFileType = image.png; name = appIcon.png; path = ../../../../../Downloads/appIcon.png; sourceTree = "<group>"; };
		2B84D0E71BE4334F0012CD1E /* FreeHand.h */ = {isa = PBXFileReference; fileEncoding = 4; lastKnownFileType = sourcecode.c.h; name = FreeHand.h; path = ../FreeHand.h; sourceTree = "<group>"; };
		2B84D0E81BE4334F0012CD1E /* FreeHand.m */ = {isa = PBXFileReference; fileEncoding = 4; lastKnownFileType = sourcecode.c.objc; name = FreeHand.m; path = ../FreeHand.m; sourceTree = "<group>"; };
/* End PBXFileReference section */

/* Begin PBXFrameworksBuildPhase section */
		2B84D0A71BE4271E0012CD1E /* Frameworks */ = {
			isa = PBXFrameworksBuildPhase;
			buildActionMask = 2147483647;
			files = (
			);
			runOnlyForDeploymentPostprocessing = 0;
		};
		2B84D0C01BE4271F0012CD1E /* Frameworks */ = {
			isa = PBXFrameworksBuildPhase;
			buildActionMask = 2147483647;
			files = (
			);
			runOnlyForDeploymentPostprocessing = 0;
		};
		2B84D0CB1BE4271F0012CD1E /* Frameworks */ = {
			isa = PBXFrameworksBuildPhase;
			buildActionMask = 2147483647;
			files = (
			);
			runOnlyForDeploymentPostprocessing = 0;
		};
/* End PBXFrameworksBuildPhase section */

/* Begin PBXGroup section */
		2B84D0A11BE4271E0012CD1E = {
			isa = PBXGroup;
			children = (
				2B84D0AC1BE4271E0012CD1E /* FingerPaint */,
				2B84D0C61BE4271F0012CD1E /* FingerPaintTests */,
				2B84D0D11BE4271F0012CD1E /* FingerPaintUITests */,
				2B84D0AB1BE4271E0012CD1E /* Products */,
			);
			sourceTree = "<group>";
		};
		2B84D0AB1BE4271E0012CD1E /* Products */ = {
			isa = PBXGroup;
			children = (
				2B84D0AA1BE4271E0012CD1E /* FingerPaint.app */,
				2B84D0C31BE4271F0012CD1E /* FingerPaintTests.xctest */,
				2B84D0CE1BE4271F0012CD1E /* FingerPaintUITests.xctest */,
			);
			name = Products;
			sourceTree = "<group>";
		};
		2B84D0AC1BE4271E0012CD1E /* FingerPaint */ = {
			isa = PBXGroup;
			children = (
				2B84D0E21BE42F020012CD1E /* appIcon.png */,
				2B84D0B01BE4271E0012CD1E /* AppDelegate.h */,
				2B84D0B11BE4271E0012CD1E /* AppDelegate.m */,
				2B84D0E71BE4334F0012CD1E /* FreeHand.h */,
				2B84D0E81BE4334F0012CD1E /* FreeHand.m */,
				2B84D0B31BE4271E0012CD1E /* ViewController.h */,
				2B84D0B41BE4271F0012CD1E /* ViewController.m */,
				2B84D0B61BE4271F0012CD1E /* Main.storyboard */,
				2B84D0B91BE4271F0012CD1E /* Assets.xcassets */,
				2B84D0BB1BE4271F0012CD1E /* LaunchScreen.storyboard */,
				2B84D0BE1BE4271F0012CD1E /* Info.plist */,
				2B84D0AD1BE4271E0012CD1E /* Supporting Files */,
			);
			path = FingerPaint;
			sourceTree = "<group>";
		};
		2B84D0AD1BE4271E0012CD1E /* Supporting Files */ = {
			isa = PBXGroup;
			children = (
				2B84D0AE1BE4271E0012CD1E /* main.m */,
			);
			name = "Supporting Files";
			sourceTree = "<group>";
		};
		2B84D0C61BE4271F0012CD1E /* FingerPaintTests */ = {
			isa = PBXGroup;
			children = (
				2B84D0C71BE4271F0012CD1E /* FingerPaintTests.m */,
				2B84D0C91BE4271F0012CD1E /* Info.plist */,
			);
			path = FingerPaintTests;
			sourceTree = "<group>";
		};
		2B84D0D11BE4271F0012CD1E /* FingerPaintUITests */ = {
			isa = PBXGroup;
			children = (
				2B84D0D21BE4271F0012CD1E /* FingerPaintUITests.m */,
				2B84D0D41BE4271F0012CD1E /* Info.plist */,
			);
			path = FingerPaintUITests;
			sourceTree = "<group>";
		};
/* End PBXGroup section */

/* Begin PBXNativeTarget section */
		2B84D0A91BE4271E0012CD1E /* FingerPaint */ = {
			isa = PBXNativeTarget;
			buildConfigurationList = 2B84D0D71BE4271F0012CD1E /* Build configuration list for PBXNativeTarget "FingerPaint" */;
			buildPhases = (
				2B84D0A61BE4271E0012CD1E /* Sources */,
				2B84D0A71BE4271E0012CD1E /* Frameworks */,
				2B84D0A81BE4271E0012CD1E /* Resources */,
			);
			buildRules = (
			);
			dependencies = (
			);
			name = FingerPaint;
			productName = FingerPaint;
			productReference = 2B84D0AA1BE4271E0012CD1E /* FingerPaint.app */;
			productType = "com.apple.product-type.application";
		};
		2B84D0C21BE4271F0012CD1E /* FingerPaintTests */ = {
			isa = PBXNativeTarget;
			buildConfigurationList = 2B84D0DA1BE4271F0012CD1E /* Build configuration list for PBXNativeTarget "FingerPaintTests" */;
			buildPhases = (
				2B84D0BF1BE4271F0012CD1E /* Sources */,
				2B84D0C01BE4271F0012CD1E /* Frameworks */,
				2B84D0C11BE4271F0012CD1E /* Resources */,
			);
			buildRules = (
			);
			dependencies = (
				2B84D0C51BE4271F0012CD1E /* PBXTargetDependency */,
			);
			name = FingerPaintTests;
			productName = FingerPaintTests;
			productReference = 2B84D0C31BE4271F0012CD1E /* FingerPaintTests.xctest */;
			productType = "com.apple.product-type.bundle.unit-test";
		};
		2B84D0CD1BE4271F0012CD1E /* FingerPaintUITests */ = {
			isa = PBXNativeTarget;
			buildConfigurationList = 2B84D0DD1BE4271F0012CD1E /* Build configuration list for PBXNativeTarget "FingerPaintUITests" */;
			buildPhases = (
				2B84D0CA1BE4271F0012CD1E /* Sources */,
				2B84D0CB1BE4271F0012CD1E /* Frameworks */,
				2B84D0CC1BE4271F0012CD1E /* Resources */,
			);
			buildRules = (
			);
			dependencies = (
				2B84D0D01BE4271F0012CD1E /* PBXTargetDependency */,
			);
			name = FingerPaintUITests;
			productName = FingerPaintUITests;
			productReference = 2B84D0CE1BE4271F0012CD1E /* FingerPaintUITests.xctest */;
			productType = "com.apple.product-type.bundle.ui-testing";
		};
/* End PBXNativeTarget section */

/* Begin PBXProject section */
		2B84D0A21BE4271E0012CD1E /* Project object */ = {
			isa = PBXProject;
			attributes = {
				LastUpgradeCheck = 0710;
				ORGANIZATIONNAME = Kelo;
				TargetAttributes = {
					2B84D0A91BE4271E0012CD1E = {
						CreatedOnToolsVersion = 7.1;
						DevelopmentTeam = 37Y9P8B6JV;
					};
					2B84D0C21BE4271F0012CD1E = {
						CreatedOnToolsVersion = 7.1;
						DevelopmentTeam = 37Y9P8B6JV;
						TestTargetID = 2B84D0A91BE4271E0012CD1E;
					};
					2B84D0CD1BE4271F0012CD1E = {
						CreatedOnToolsVersion = 7.1;
						DevelopmentTeam = 37Y9P8B6JV;
						TestTargetID = 2B84D0A91BE4271E0012CD1E;
					};
				};
			};
			buildConfigurationList = 2B84D0A51BE4271E0012CD1E /* Build configuration list for PBXProject "FingerPaint" */;
			compatibilityVersion = "Xcode 3.2";
			developmentRegion = English;
			hasScannedForEncodings = 0;
			knownRegions = (
				en,
				Base,
			);
			mainGroup = 2B84D0A11BE4271E0012CD1E;
			productRefGroup = 2B84D0AB1BE4271E0012CD1E /* Products */;
			projectDirPath = "";
			projectRoot = "";
			targets = (
				2B84D0A91BE4271E0012CD1E /* FingerPaint */,
				2B84D0C21BE4271F0012CD1E /* FingerPaintTests */,
				2B84D0CD1BE4271F0012CD1E /* FingerPaintUITests */,
			);
		};
/* End PBXProject section */

/* Begin PBXResourcesBuildPhase section */
		2B84D0A81BE4271E0012CD1E /* Resources */ = {
			isa = PBXResourcesBuildPhase;
			buildActionMask = 2147483647;
			files = (
				2B84D0E31BE42F020012CD1E /* appIcon.png in Resources */,
				2B84D0BD1BE4271F0012CD1E /* LaunchScreen.storyboard in Resources */,
				2B84D0BA1BE4271F0012CD1E /* Assets.xcassets in Resources */,
				2B84D0B81BE4271F0012CD1E /* Main.storyboard in Resources */,
			);
			runOnlyForDeploymentPostprocessing = 0;
		};
		2B84D0C11BE4271F0012CD1E /* Resources */ = {
			isa = PBXResourcesBuildPhase;
			buildActionMask = 2147483647;
			files = (
			);
			runOnlyForDeploymentPostprocessing = 0;
		};
		2B84D0CC1BE4271F0012CD1E /* Resources */ = {
			isa = PBXResourcesBuildPhase;
			buildActionMask = 2147483647;
			files = (
			);
			runOnlyForDeploymentPostprocessing = 0;
		};
/* End PBXResourcesBuildPhase section */

/* Begin PBXSourcesBuildPhase section */
		2B84D0A61BE4271E0012CD1E /* Sources */ = {
			isa = PBXSourcesBuildPhase;
			buildActionMask = 2147483647;
			files = (
				2B84D0B51BE4271F0012CD1E /* ViewController.m in Sources */,
				2B84D0B21BE4271E0012CD1E /* AppDelegate.m in Sources */,
				2B84D0E91BE4334F0012CD1E /* FreeHand.m in Sources */,
				2B84D0AF1BE4271E0012CD1E /* main.m in Sources */,
			);
			runOnlyForDeploymentPostprocessing = 0;
		};
		2B84D0BF1BE4271F0012CD1E /* Sources */ = {
			isa = PBXSourcesBuildPhase;
			buildActionMask = 2147483647;
			files = (
				2B84D0C81BE4271F0012CD1E /* FingerPaintTests.m in Sources */,
			);
			runOnlyForDeploymentPostprocessing = 0;
		};
		2B84D0CA1BE4271F0012CD1E /* Sources */ = {
			isa = PBXSourcesBuildPhase;
			buildActionMask = 2147483647;
			files = (
				2B84D0D31BE4271F0012CD1E /* FingerPaintUITests.m in Sources */,
			);
			runOnlyForDeploymentPostprocessing = 0;
		};
/* End PBXSourcesBuildPhase section */

/* Begin PBXTargetDependency section */
		2B84D0C51BE4271F0012CD1E /* PBXTargetDependency */ = {
			isa = PBXTargetDependency;
			target = 2B84D0A91BE4271E0012CD1E /* FingerPaint */;
			targetProxy = 2B84D0C41BE4271F0012CD1E /* PBXContainerItemProxy */;
		};
		2B84D0D01BE4271F0012CD1E /* PBXTargetDependency */ = {
			isa = PBXTargetDependency;
			target = 2B84D0A91BE4271E0012CD1E /* FingerPaint */;
			targetProxy = 2B84D0CF1BE4271F0012CD1E /* PBXContainerItemProxy */;
		};
/* End PBXTargetDependency section */

/* Begin PBXVariantGroup section */
		2B84D0B61BE4271F0012CD1E /* Main.storyboard */ = {
			isa = PBXVariantGroup;
			children = (
				2B84D0B71BE4271F0012CD1E /* Base */,
			);
			name = Main.storyboard;
			sourceTree = "<group>";
		};
		2B84D0BB1BE4271F0012CD1E /* LaunchScreen.storyboard */ = {
			isa = PBXVariantGroup;
			children = (
				2B84D0BC1BE4271F0012CD1E /* Base */,
			);
			name = LaunchScreen.storyboard;
			sourceTree = "<group>";
		};
/* End PBXVariantGroup section */

/* Begin XCBuildConfiguration section */
		2B84D0D51BE4271F0012CD1E /* Debug */ = {
			isa = XCBuildConfiguration;
			buildSettings = {
				ALWAYS_SEARCH_USER_PATHS = NO;
				CLANG_CXX_LANGUAGE_STANDARD = "gnu++0x";
				CLANG_CXX_LIBRARY = "libc++";
				CLANG_ENABLE_MODULES = YES;
				CLANG_ENABLE_OBJC_ARC = YES;
				CLANG_WARN_BOOL_CONVERSION = YES;
				CLANG_WARN_CONSTANT_CONVERSION = YES;
				CLANG_WARN_DIRECT_OBJC_ISA_USAGE = YES_ERROR;
				CLANG_WARN_EMPTY_BODY = YES;
				CLANG_WARN_ENUM_CONVERSION = YES;
				CLANG_WARN_INT_CONVERSION = YES;
				CLANG_WARN_OBJC_ROOT_CLASS = YES_ERROR;
				CLANG_WARN_UNREACHABLE_CODE = YES;
				CLANG_WARN__DUPLICATE_METHOD_MATCH = YES;
				"CODE_SIGN_IDENTITY[sdk=iphoneos*]" = "iPhone Developer";
				COPY_PHASE_STRIP = NO;
				DEBUG_INFORMATION_FORMAT = dwarf;
				ENABLE_STRICT_OBJC_MSGSEND = YES;
				ENABLE_TESTABILITY = YES;
				GCC_C_LANGUAGE_STANDARD = gnu99;
				GCC_DYNAMIC_NO_PIC = NO;
				GCC_NO_COMMON_BLOCKS = YES;
				GCC_OPTIMIZATION_LEVEL = 0;
				GCC_PREPROCESSOR_DEFINITIONS = (
					"DEBUG=1",
					"$(inherited)",
				);
				GCC_WARN_64_TO_32_BIT_CONVERSION = YES;
				GCC_WARN_ABOUT_RETURN_TYPE = YES_ERROR;
				GCC_WARN_UNDECLARED_SELECTOR = YES;
				GCC_WARN_UNINITIALIZED_AUTOS = YES_AGGRESSIVE;
				GCC_WARN_UNUSED_FUNCTION = YES;
				GCC_WARN_UNUSED_VARIABLE = YES;
				IPHONEOS_DEPLOYMENT_TARGET = 9.1;
				MTL_ENABLE_DEBUG_INFO = YES;
				ONLY_ACTIVE_ARCH = YES;
				SDKROOT = iphoneos;
			};
			name = Debug;
		};
		2B84D0D61BE4271F0012CD1E /* Release */ = {
			isa = XCBuildConfiguration;
			buildSettings = {
				ALWAYS_SEARCH_USER_PATHS = NO;
				CLANG_CXX_LANGUAGE_STANDARD = "gnu++0x";
				CLANG_CXX_LIBRARY = "libc++";
				CLANG_ENABLE_MODULES = YES;
				CLANG_ENABLE_OBJC_ARC = YES;
				CLANG_WARN_BOOL_CONVERSION = YES;
				CLANG_WARN_CONSTANT_CONVERSION = YES;
				CLANG_WARN_DIRECT_OBJC_ISA_USAGE = YES_ERROR;
				CLANG_WARN_EMPTY_BODY = YES;
				CLANG_WARN_ENUM_CONVERSION = YES;
				CLANG_WARN_INT_CONVERSION = YES;
				CLANG_WARN_OBJC_ROOT_CLASS = YES_ERROR;
				CLANG_WARN_UNREACHABLE_CODE = YES;
				CLANG_WARN__DUPLICATE_METHOD_MATCH = YES;
				"CODE_SIGN_IDENTITY[sdk=iphoneos*]" = "iPhone Developer";
				COPY_PHASE_STRIP = NO;
				DEBUG_INFORMATION_FORMAT = "dwarf-with-dsym";
				ENABLE_NS_ASSERTIONS = NO;
				ENABLE_STRICT_OBJC_MSGSEND = YES;
				GCC_C_LANGUAGE_STANDARD = gnu99;
				GCC_NO_COMMON_BLOCKS = YES;
				GCC_WARN_64_TO_32_BIT_CONVERSION = YES;
				GCC_WARN_ABOUT_RETURN_TYPE = YES_ERROR;
				GCC_WARN_UNDECLARED_SELECTOR = YES;
				GCC_WARN_UNINITIALIZED_AUTOS = YES_AGGRESSIVE;
				GCC_WARN_UNUSED_FUNCTION = YES;
				GCC_WARN_UNUSED_VARIABLE = YES;
				IPHONEOS_DEPLOYMENT_TARGET = 9.1;
				MTL_ENABLE_DEBUG_INFO = NO;
				SDKROOT = iphoneos;
				VALIDATE_PRODUCT = YES;
			};
			name = Release;
		};
		2B84D0D81BE4271F0012CD1E /* Debug */ = {
			isa = XCBuildConfiguration;
			buildSettings = {
				ASSETCATALOG_COMPILER_APPICON_NAME = AppIcon;
				INFOPLIST_FILE = FingerPaint/Info.plist;
				LD_RUNPATH_SEARCH_PATHS = "$(inherited) @executable_path/Frameworks";
				PRODUCT_BUNDLE_IDENTIFIER = Kelo.io.FingerPaint;
				PRODUCT_NAME = "$(TARGET_NAME)";
			};
			name = Debug;
		};
		2B84D0D91BE4271F0012CD1E /* Release */ = {
			isa = XCBuildConfiguration;
			buildSettings = {
				ASSETCATALOG_COMPILER_APPICON_NAME = AppIcon;
				INFOPLIST_FILE = FingerPaint/Info.plist;
				LD_RUNPATH_SEARCH_PATHS = "$(inherited) @executable_path/Frameworks";
				PRODUCT_BUNDLE_IDENTIFIER = Kelo.io.FingerPaint;
				PRODUCT_NAME = "$(TARGET_NAME)";
			};
			name = Release;
		};
		2B84D0DB1BE4271F0012CD1E /* Debug */ = {
			isa = XCBuildConfiguration;
			buildSettings = {
				BUNDLE_LOADER = "$(TEST_HOST)";
				INFOPLIST_FILE = FingerPaintTests/Info.plist;
				LD_RUNPATH_SEARCH_PATHS = "$(inherited) @executable_path/Frameworks @loader_path/Frameworks";
				PRODUCT_BUNDLE_IDENTIFIER = Kelo.io.FingerPaintTests;
				PRODUCT_NAME = "$(TARGET_NAME)";
				TEST_HOST = "$(BUILT_PRODUCTS_DIR)/FingerPaint.app/FingerPaint";
			};
			name = Debug;
		};
		2B84D0DC1BE4271F0012CD1E /* Release */ = {
			isa = XCBuildConfiguration;
			buildSettings = {
				BUNDLE_LOADER = "$(TEST_HOST)";
				INFOPLIST_FILE = FingerPaintTests/Info.plist;
				LD_RUNPATH_SEARCH_PATHS = "$(inherited) @executable_path/Frameworks @loader_path/Frameworks";
				PRODUCT_BUNDLE_IDENTIFIER = Kelo.io.FingerPaintTests;
				PRODUCT_NAME = "$(TARGET_NAME)";
				TEST_HOST = "$(BUILT_PRODUCTS_DIR)/FingerPaint.app/FingerPaint";
			};
			name = Release;
		};
		2B84D0DE1BE4271F0012CD1E /* Debug */ = {
			isa = XCBuildConfiguration;
			buildSettings = {
				INFOPLIST_FILE = FingerPaintUITests/Info.plist;
				LD_RUNPATH_SEARCH_PATHS = "$(inherited) @executable_path/Frameworks @loader_path/Frameworks";
				PRODUCT_BUNDLE_IDENTIFIER = Kelo.io.FingerPaintUITests;
				PRODUCT_NAME = "$(TARGET_NAME)";
				TEST_TARGET_NAME = FingerPaint;
				USES_XCTRUNNER = YES;
			};
			name = Debug;
		};
		2B84D0DF1BE4271F0012CD1E /* Release */ = {
			isa = XCBuildConfiguration;
			buildSettings = {
				INFOPLIST_FILE = FingerPaintUITests/Info.plist;
				LD_RUNPATH_SEARCH_PATHS = "$(inherited) @executable_path/Frameworks @loader_path/Frameworks";
				PRODUCT_BUNDLE_IDENTIFIER = Kelo.io.FingerPaintUITests;
				PRODUCT_NAME = "$(TARGET_NAME)";
				TEST_TARGET_NAME = FingerPaint;
				USES_XCTRUNNER = YES;
			};
			name = Release;
		};
/* End XCBuildConfiguration section */

/* Begin XCConfigurationList section */
		2B84D0A51BE4271E0012CD1E /* Build configuration list for PBXProject "FingerPaint" */ = {
			isa = XCConfigurationList;
			buildConfigurations = (
				2B84D0D51BE4271F0012CD1E /* Debug */,
				2B84D0D61BE4271F0012CD1E /* Release */,
			);
			defaultConfigurationIsVisible = 0;
			defaultConfigurationName = Release;
		};
		2B84D0D71BE4271F0012CD1E /* Build configuration list for PBXNativeTarget "FingerPaint" */ = {
			isa = XCConfigurationList;
			buildConfigurations = (
				2B84D0D81BE4271F0012CD1E /* Debug */,
				2B84D0D91BE4271F0012CD1E /* Release */,
			);
			defaultConfigurationIsVisible = 0;
		};
		2B84D0DA1BE4271F0012CD1E /* Build configuration list for PBXNativeTarget "FingerPaintTests" */ = {
			isa = XCConfigurationList;
			buildConfigurations = (
				2B84D0DB1BE4271F0012CD1E /* Debug */,
				2B84D0DC1BE4271F0012CD1E /* Release */,
			);
			defaultConfigurationIsVisible = 0;
		};
		2B84D0DD1BE4271F0012CD1E /* Build configuration list for PBXNativeTarget "FingerPaintUITests" */ = {
			isa = XCConfigurationList;
			buildConfigurations = (
				2B84D0DE1BE4271F0012CD1E /* Debug */,
				2B84D0DF1BE4271F0012CD1E /* Release */,
			);
			defaultConfigurationIsVisible = 0;
		};
/* End XCConfigurationList section */
	};
	rootObject = 2B84D0A21BE4271E0012CD1E /* Project object */;
}
